{
  "name": "betteruptime",
  "lockfileVersion": 3,
  "requires": true,
  "packages": {
    "": {
      "name": "betteruptime",
      "workspaces": [
        "apps/*",
        "packages/*"
      ],
      "dependencies": {
        "redis-client": "^0.3.5"
      },
      "devDependencies": {
        "@playwright/test": "^1.62.1",
        "@types/bun": "latest",
        "prettier": "^3.7.4",
        "strip-comments": "^2.0.1",
        "turbo": "^2.9.18",
        "typescript": "5.9.2"
      },
      "engines": {
        "node": ">=18"
      }
    },
    "apps/api": {
      "dependencies": {
        "@types/cors": "^2.8.19",
        "@types/express": "^5.0.6",
        "@types/jsonwebtoken": "^9.0.10",
        "bcrypt": "^6.0.0",
        "cors": "^2.8.6",
        "express": "^5.2.1",
        "jsonwebtoken": "^9.0.3",
        "zod": "^4.4.3"
      },
      "devDependencies": {
        "@types/bcrypt": "^6.0.0",
        "@types/bun": "latest"
      },
      "peerDependencies": {
        "store": "*",
        "typescript": "^5"
      }
    },
    "apps/api/node_modules/@types/bcrypt": {
      "dev": true
    },
    "apps/api/node_modules/@types/bun": {
      "dev": true
    },
    "apps/api/node_modules/@types/cors": {},
    "apps/api/node_modules/@types/express": {},
    "apps/api/node_modules/@types/jsonwebtoken": {},
    "apps/api/node_modules/bcrypt": {},
    "apps/api/node_modules/cors": {},
    "apps/api/node_modules/express": {},
    "apps/api/node_modules/jsonwebtoken": {},
    "apps/api/node_modules/store": {
      "peer": true
    },
    "apps/api/node_modules/typescript": {
      "peer": true
    },
    "apps/api/node_modules/zod": {},
    "apps/dbwriter": {
      "dependencies": {
        "@types/nodemailer": "^8.0.1",
        "nodemailer": "^9.0.1",
        "redisstream": "*",
        "store": "*"
      },
      "devDependencies": {
        "@types/bun": "latest"
      },
      "peerDependencies": {
        "typescript": "^5"
      }
    },
    "apps/dbwriter/node_modules/@types/bun": {
      "dev": true
    },
    "apps/dbwriter/node_modules/@types/nodemailer": {},
    "apps/dbwriter/node_modules/nodemailer": {},
    "apps/dbwriter/node_modules/redisstream": {},
    "apps/dbwriter/node_modules/store": {},
    "apps/dbwriter/node_modules/typescript": {
      "peer": true
    },
    "apps/frontend": {
      "version": "0.1.0",
      "dependencies": {
        "gsap": "^3.15.0",
        "lenis": "^1.3.23",
        "lucide-react": "^1.21.0",
        "next": "16.2.9",
        "react": "19.2.4",
        "react-dom": "19.2.4",
        "recharts": "^3.9.0"
      },
      "devDependencies": {
        "@tailwindcss/postcss": "^4",
        "@types/node": "^20",
        "@types/react": "^19",
        "@types/react-dom": "^19",
        "eslint": "^9",
        "eslint-config-next": "16.2.9",
        "tailwindcss": "^4",
        "typescript": "^5"
      }
    },
    "apps/frontend/node_modules/@tailwindcss/postcss": {
      "dev": true
    },
    "apps/frontend/node_modules/@types/node": {
      "version": "20.19.43",
      "resolved": "https://registry.npmjs.org/@types/node/-/node-20.19.43.tgz",
      "integrity": "sha512-6oYBAi5ikg4Pl+kGsoYtawUMBT2zZMCvPNF7pVLnHZfd1zf38DRiWn/gT01RYCdUqkv7Fhr+C9ot4/tb+2sVvA==",
      "dev": true,
      "license": "MIT",
      "dependencies": {
        "undici-types": "~6.21.0"
      }
    },
    "apps/frontend/node_modules/@types/react": {
      "dev": true
    },
    "apps/frontend/node_modules/@types/react-dom": {
      "dev": true
    },
    "apps/frontend/node_modules/eslint": {
      "dev": true
    },
    "apps/frontend/node_modules/eslint-config-next": {
      "dev": true
    },
    "apps/frontend/node_modules/gsap": {},
    "apps/frontend/node_modules/lenis": {},
    "apps/frontend/node_modules/lucide-react": {},
    "apps/frontend/node_modules/next": {},
    "apps/frontend/node_modules/react": {},
    "apps/frontend/node_modules/react-dom": {},
    "apps/frontend/node_modules/recharts": {},
    "apps/frontend/node_modules/tailwindcss": {
      "dev": true
    },
    "apps/frontend/node_modules/typescript": {
      "dev": true
    },
    "apps/frontend/node_modules/undici-types": {
      "version": "6.21.0",
      "resolved": "https://registry.npmjs.org/undici-types/-/undici-types-6.21.0.tgz",
      "integrity": "sha512-iwDZqg0QAGrg9Rav5H4n0M64c3mkR59cJ6wQp+7C4nI0gsmExaedaYLNO44eT4AtBBwjbTiGPMlt2Md0T9H9JQ==",
      "dev": true,
      "license": "MIT"
    },
    "apps/pusher": {
      "dependencies": {
        "redisstream": "*",
        "store": "*"
      },
      "devDependencies": {
        "@types/bun": "latest"
      },
      "peerDependencies": {
        "typescript": "^5"
      }
    },
    "apps/pusher/node_modules/@types/bun": {
      "dev": true
    },
    "apps/pusher/node_modules/redisstream": {},
    "apps/pusher/node_modules/store": {},
    "apps/pusher/node_modules/typescript": {
      "peer": true
    },
    "apps/worker": {
      "dependencies": {
        "redisstream": "*",
        "store": "*"
      },
      "devDependencies": {
        "@types/bun": "latest"
      },
      "peerDependencies": {
        "typescript": "^5"
      }
    },
    "apps/worker/node_modules/@types/bun": {
      "dev": true
    },
    "apps/worker/node_modules/redisstream": {},
    "apps/worker/node_modules/store": {},
    "apps/worker/node_modules/typescript": {
      "peer": true
    },
    "node_modules/@playwright/test": {
      "version": "1.62.1",
      "resolved": "https://registry.npmjs.org/@playwright/test/-/test-1.62.1.tgz",
      "integrity": "sha512-DTcUc8qii+cpHvtOwggMtBRMjKZHXYWdw8syRYu2vtzuq4Wxphqq4NfCs5Zt44L6mA8rfDfj+PHnxFc/FeK6mQ==",
      "dev": true,
      "license": "Apache-2.0",
      "dependencies": {
        "playwright": "1.62.1"
      },
      "bin": {
        "playwright": "cli.js"
      },
      "engines": {
        "node": ">=20"
      }
    },
    "node_modules/@repo/eslint-config": {
      "resolved": "packages/eslint-config",
      "link": true
    },
    "node_modules/@repo/typescript-config": {
      "resolved": "packages/typescript-config",
      "link": true
    },
    "node_modules/@repo/ui": {
      "resolved": "packages/ui",
      "link": true
    },
    "node_modules/@turbo/darwin-64": {
      "version": "2.10.12",
      "resolved": "https://registry.npmjs.org/@turbo/darwin-64/-/darwin-64-2.10.12.tgz",
      "integrity": "sha512-9nKgKoF6ZOUsM+or0OtNf+TTJSfGvDNP7ZFv/ZGWVwOSCkumyctQiTeHwB4UNljHTnC41AqylgbunLDHoccNrA==",
      "cpu": [
        "x64"
      ],
      "dev": true,
      "license": "MIT",
      "optional": true,
      "os": [
        "darwin"
      ]
    },
    "node_modules/@turbo/darwin-arm64": {
      "version": "2.10.12",
      "resolved": "https://registry.npmjs.org/@turbo/darwin-arm64/-/darwin-arm64-2.10.12.tgz",
      "integrity": "sha512-H4Elb1jqTZVeIC9bbcNwjSzemZ6RegoTOVHeuV5Osirt2Z8UguTyisMEkvZjPVZgMeN9J4ERZBFad40tFnkb7w==",
      "cpu": [
        "arm64"
      ],
      "dev": true,
      "license": "MIT",
      "optional": true,
      "os": [
        "darwin"
      ]
    },
    "node_modules/@turbo/linux-64": {
      "version": "2.10.12",
      "resolved": "https://registry.npmjs.org/@turbo/linux-64/-/linux-64-2.10.12.tgz",
      "integrity": "sha512-lr7KIotukvjZwEXiFSYAeOH3BWzjFVBbSzTbv0fuGFsNukYyH0+g1hB5ecqnJkgkYU+KHEMG1edOhnjiKON1wQ==",
      "cpu": [
        "x64"
      ],
      "dev": true,
      "license": "MIT",
      "optional": true,
      "os": [
        "android",
        "linux"
      ]
    },
    "node_modules/@turbo/linux-arm64": {
      "version": "2.10.12",
      "resolved": "https://registry.npmjs.org/@turbo/linux-arm64/-/linux-arm64-2.10.12.tgz",
      "integrity": "sha512-f0pZDTtvzB5SuNwuXBaKbZHUCMCukgc8nMlHEuvLmj91Fzec+MEbr3cAvGNor5htEDqZnO6Lxt9N/GPI/77oGA==",
      "cpu": [
        "arm64"
      ],
      "dev": true,
      "license": "MIT",
      "optional": true,
      "os": [
        "android",
        "linux"
      ]
    },
    "node_modules/@turbo/windows-64": {
      "version": "2.10.12",
      "resolved": "https://registry.npmjs.org/@turbo/windows-64/-/windows-64-2.10.12.tgz",
      "integrity": "sha512-SDOueJRjS/QcykWf2KCRtTLmIl5YMKsLbXkXQGhDwcTXvKXZiS5ih5lBl/gkwZIpYFjqA/rAlfMzlAFcVHNe0g==",
      "cpu": [
        "x64"
      ],
      "dev": true,
      "license": "MIT",
      "optional": true,
      "os": [
        "win32"
      ]
    },
    "node_modules/@turbo/windows-arm64": {
      "version": "2.10.12",
      "resolved": "https://registry.npmjs.org/@turbo/windows-arm64/-/windows-arm64-2.10.12.tgz",
      "integrity": "sha512-0i0mVUa4kKk+/B3RwEwPMf9CB+T7ul56hn5FFHNA4VUNTOoLBEd6aNf3FaKfCatDNZ6cicCEf6if9QUTVyzzcA==",
      "cpu": [
        "arm64"
      ],
      "dev": true,
      "license": "MIT",
      "optional": true,
      "os": [
        "win32"
      ]
    },
    "node_modules/@types/bun": {
      "version": "1.4.0",
      "resolved": "https://registry.npmjs.org/@types/bun/-/bun-1.4.0.tgz",
      "integrity": "sha512-K+lZULY23vRgK/CfTjFIV+tyifaNdSMlPh9j+6mQ/cLfpOznLyAuzgV/JQysyECpkBQLVMSyvjlr2fBUSA9wFQ==",
      "dev": true,
      "license": "MIT",
      "dependencies": {
        "bun-types": "1.4.0"
      }
    },
    "node_modules/@types/node": {
      "version": "26.4.0",
      "resolved": "https://registry.npmjs.org/@types/node/-/node-26.4.0.tgz",
      "integrity": "sha512-faiGnoIrLH/V8cibOMEAZ8pMw6oXqSukl29ra4mN8GdaB2ZewzeaLj+INpV5N+Z1eKWzY+IzaIZH2EIR6YZRNQ==",
      "dev": true,
      "license": "MIT",
      "dependencies": {
        "undici-types": "~8.3.0"
      }
    },
    "node_modules/api": {
      "resolved": "apps/api",
      "link": true
    },
    "node_modules/bun-types": {
      "version": "1.4.0",
      "resolved": "https://registry.npmjs.org/bun-types/-/bun-types-1.4.0.tgz",
      "integrity": "sha512-iIKw23BspnQQYd3prITOBxeUsxBHnwzX6YJfGMuNOZzeNcMmVqzIIVGRm1l69ogaPQmb4wB6BN8mA5bE9YuC5Q==",
      "dev": true,
      "license": "MIT",
      "dependencies": {
        "@types/node": "*"
      }
    },
    "node_modules/csstype": {
      "version": "3.2.3",
      "resolved": "https://registry.npmjs.org/csstype/-/csstype-3.2.3.tgz",
      "integrity": "sha512-z1HGKcYy2xA8AGQfwrn0PAy+PB7X/GSj3UVJW9qKyn43xWa+gl5nXmU4qqLMRzWVLFC8KusUX8T/0kCiOYpAIQ==",
      "dev": true,
      "license": "MIT"
    },
    "node_modules/dbwriter": {
      "resolved": "apps/dbwriter",
      "link": true
    },
    "node_modules/frontend": {
      "resolved": "apps/frontend",
      "link": true
    },
    "node_modules/fsevents": {
      "version": "2.3.2",
      "resolved": "https://registry.npmjs.org/fsevents/-/fsevents-2.3.2.tgz",
      "integrity": "sha512-xiqMQR4xAeHTuB9uWm+fFRcIOgKBMiOBP+eXiyT7jsgVCq1bkVygt00oASowB7EdtpOHaaPgKt812P9ab+DDKA==",
      "dev": true,
      "hasInstallScript": true,
      "license": "MIT",
      "optional": true,
      "os": [
        "darwin"
      ],
      "engines": {
        "node": "^8.16.0 || ^10.6.0 || >=11.0.0"
      }
    },
    "node_modules/playwright": {
      "version": "1.62.1",
      "resolved": "https://registry.npmjs.org/playwright/-/playwright-1.62.1.tgz",
      "integrity": "sha512-0M+L3LAD8/nm554LOla9Ayx0j0tmFZ0FBcoQ7F1VuVHpM/XpiC8RcDzBQB8W5+hA8L22THxELzeF+2WcUzvcLg==",
      "dev": true,
      "license": "Apache-2.0",
      "dependencies": {
        "playwright-core": "1.62.1"
      },
      "bin": {
        "playwright": "cli.js"
      },
      "engines": {
        "node": ">=20"
      },
      "optionalDependencies": {
        "fsevents": "2.3.2"
      }
    },
    "node_modules/playwright-core": {
      "version": "1.62.1",
      "resolved": "https://registry.npmjs.org/playwright-core/-/playwright-core-1.62.1.tgz",
      "integrity": "sha512-wPYSwEBJY9GHraISXqyqtx0na0LpO3XEX7jNDhntbex7tzUS7kLnZsOlFruFJB4Hi/rhDMjXGqHewDZ68nYZVw==",
      "dev": true,
      "license": "Apache-2.0",
      "bin": {
        "playwright-core": "cli.js"
      },
      "engines": {
        "node": ">=20"
      }
    },
    "node_modules/prettier": {
      "version": "3.9.6",
      "resolved": "https://registry.npmjs.org/prettier/-/prettier-3.9.6.tgz",
      "integrity": "sha512-OpN0zzVdiaiAhxpuuj5efpIS4sY9j7bY6uR5mnj5yPzGkdkjNKSJeUThPb60Jw29QuAZgA4o+/iB49kFiaBX6g==",
      "dev": true,
      "license": "MIT",
      "bin": {
        "prettier": "bin/prettier.cjs"
      },
      "engines": {
        "node": ">=14"
      },
      "funding": {
        "url": "https://github.com/prettier/prettier?sponsor=1"
      }
    },
    "node_modules/pusher": {
      "resolved": "apps/pusher",
      "link": true
    },
    "node_modules/redis-client": {
      "version": "0.3.5",
      "resolved": "https://registry.npmjs.org/redis-client/-/redis-client-0.3.5.tgz",
      "integrity": "sha512-oAtDnuRh1gTbSMuajRwAzHhRqK9BOQBzkoJhHXY+h3QdFxtWlu/lUhkYmTdgjbWn1EaCXg1EmpU42BXIgdjdiA==",
      "os": [
        "linux",
        "darwin"
      ],
      "engines": {
        "node": ">0.1.90"
      }
    },
    "node_modules/redisstream": {
      "resolved": "packages/redisstream",
      "link": true
    },
    "node_modules/store": {
      "resolved": "packages/store",
      "link": true
    },
    "node_modules/strip-comments": {
      "version": "2.0.1",
      "resolved": "https://registry.npmjs.org/strip-comments/-/strip-comments-2.0.1.tgz",
      "integrity": "sha512-ZprKx+bBLXv067WTCALv8SSz5l2+XhpYCsVtSqlMnkAXMWDq+/ekVbl1ghqP9rUHTzv6sm/DwCOiYutU/yp1fw==",
      "dev": true,
      "license": "MIT",
      "engines": {
        "node": ">=10"
      }
    },
    "node_modules/turbo": {
      "version": "2.10.12",
      "resolved": "https://registry.npmjs.org/turbo/-/turbo-2.10.12.tgz",
      "integrity": "sha512-AswgMPnpOoaVZHrrSBejETzEbuIA69OVGwfkHwfrY0A23VjWXBANzgq9+OymWOHAIArB7D1+1z498WY8fGg1Jw==",
      "dev": true,
      "license": "MIT",
      "bin": {
        "turbo": "bin/turbo"
      },
      "optionalDependencies": {
        "@turbo/darwin-64": "2.10.12",
        "@turbo/darwin-arm64": "2.10.12",
        "@turbo/linux-64": "2.10.12",
        "@turbo/linux-arm64": "2.10.12",
        "@turbo/windows-64": "2.10.12",
        "@turbo/windows-arm64": "2.10.12"
      }
    },
    "node_modules/typescript": {
      "version": "5.9.2",
      "resolved": "https://registry.npmjs.org/typescript/-/typescript-5.9.2.tgz",
      "integrity": "sha512-CWBzXQrc/qOkhidw1OzBTQuYRbfyxDXJMVJ1XNwUHGROVmuaeiEm3OslpZ1RV96d7SKKjZKrSJu3+t/xlw3R9A==",
      "dev": true,
      "license": "Apache-2.0",
      "bin": {
        "tsc": "bin/tsc",
        "tsserver": "bin/tsserver"
      },
      "engines": {
        "node": ">=14.17"
      }
    },
    "node_modules/undici-types": {
      "version": "8.3.0",
      "resolved": "https://registry.npmjs.org/undici-types/-/undici-types-8.3.0.tgz",
      "integrity": "sha512-j375ScV60dom+YkPFIfTLcOiPxkN/buHz5GobjLhixFuANaNs3C9l4GmrWqejgXWJ7BbJcFYpTEUkS1Ge8bpZQ==",
      "dev": true,
      "license": "MIT"
    },
    "node_modules/worker": {
      "resolved": "apps/worker",
      "link": true
    },
    "packages/eslint-config": {
      "name": "@repo/eslint-config",
      "version": "0.0.0",
      "devDependencies": {
        "@eslint/js": "^9.39.1",
        "@next/eslint-plugin-next": "^16.2.0",
        "eslint": "^9.39.1",
        "eslint-config-prettier": "^10.1.1",
        "eslint-plugin-only-warn": "^1.1.0",
        "eslint-plugin-react": "^7.37.5",
        "eslint-plugin-react-hooks": "^5.2.0",
        "eslint-plugin-turbo": "^2.7.1",
        "globals": "^16.5.0",
        "typescript": "^5.9.2",
        "typescript-eslint": "^8.50.0"
      }
    },
    "packages/eslint-config/node_modules/@eslint/js": {
      "dev": true
    },
    "packages/eslint-config/node_modules/@next/eslint-plugin-next": {
      "dev": true
    },
    "packages/eslint-config/node_modules/eslint": {
      "dev": true
    },
    "packages/eslint-config/node_modules/eslint-config-prettier": {
      "dev": true
    },
    "packages/eslint-config/node_modules/eslint-plugin-only-warn": {
      "dev": true
    },
    "packages/eslint-config/node_modules/eslint-plugin-react": {
      "dev": true
    },
    "packages/eslint-config/node_modules/eslint-plugin-react-hooks": {
      "dev": true
    },
    "packages/eslint-config/node_modules/eslint-plugin-turbo": {
      "dev": true
    },
    "packages/eslint-config/node_modules/globals": {
      "dev": true
    },
    "packages/eslint-config/node_modules/typescript": {
      "dev": true
    },
    "packages/eslint-config/node_modules/typescript-eslint": {
      "dev": true
    },
    "packages/redisstream": {
      "dependencies": {
        "redis": "^6.0.0"
      },
      "devDependencies": {
        "@types/bun": "latest"
      },
      "peerDependencies": {
        "typescript": "^5"
      }
    },
    "packages/redisstream/node_modules/@types/bun": {
      "dev": true
    },
    "packages/redisstream/node_modules/redis": {},
    "packages/redisstream/node_modules/typescript": {
      "peer": true
    },
    "packages/store": {
      "dependencies": {
        "@prisma/client": "6.19.3",
        "dotenv": "^17.4.2",
        "prisma": "6.19.3"
      },
      "devDependencies": {
        "@types/bun": "latest"
      },
      "peerDependencies": {
        "typescript": "^5"
      }
    },
    "packages/store/node_modules/@prisma/client": {},
    "packages/store/node_modules/@types/bun": {
      "dev": true
    },
    "packages/store/node_modules/dotenv": {},
    "packages/store/node_modules/prisma": {},
    "packages/store/node_modules/typescript": {
      "peer": true
    },
    "packages/typescript-config": {
      "name": "@repo/typescript-config",
      "version": "0.0.0",
      "license": "MIT"
    },
    "packages/ui": {
      "name": "@repo/ui",
      "version": "0.0.0",
      "dependencies": {
        "react": "^19.2.0",
        "react-dom": "^19.2.0"
      },
      "devDependencies": {
        "@repo/eslint-config": "*",
        "@repo/typescript-config": "*",
        "@types/node": "^22.15.3",
        "@types/react": "19.2.2",
        "@types/react-dom": "19.2.2",
        "eslint": "^9.39.1",
        "typescript": "5.9.2"
      }
    },
    "packages/ui/node_modules/@repo/eslint-config": {
      "dev": true
    },
    "packages/ui/node_modules/@repo/typescript-config": {
      "dev": true
    },
    "packages/ui/node_modules/@types/node": {
      "version": "22.20.1",
      "resolved": "https://registry.npmjs.org/@types/node/-/node-22.20.1.tgz",
      "integrity": "sha512-EANqOCF9QFyra+4pfxUcX9STKJpCLjMbObVzljIJomAWSnuSIEAvyzEU53GaajbXJEgdh0iEcPL+DGvpUd4k1Q==",
      "dev": true,
      "license": "MIT",
      "dependencies": {
        "undici-types": "~6.21.0"
      }
    },
    "packages/ui/node_modules/@types/react": {
      "version": "19.2.2",
      "resolved": "https://registry.npmjs.org/@types/react/-/react-19.2.2.tgz",
      "integrity": "sha512-6mDvHUFSjyT2B2yeNx2nUgMxh9LtOWvkhIU3uePn2I2oyNymUAX1NIsdgviM4CH+JSrp2D2hsMvJOkxY+0wNRA==",
      "dev": true,
      "license": "MIT",
      "dependencies": {
        "csstype": "^3.0.2"
      }
    },
    "packages/ui/node_modules/@types/react-dom": {
      "version": "19.2.2",
      "resolved": "https://registry.npmjs.org/@types/react-dom/-/react-dom-19.2.2.tgz",
      "integrity": "sha512-9KQPoO6mZCi7jcIStSnlOWn2nEF3mNmyr3rIAsGnAbQKYbRLyqmeSc39EVgtxXVia+LMT8j3knZLAZAh+xLmrw==",
      "dev": true,
      "license": "MIT",
      "peerDependencies": {
        "@types/react": "^19.2.0"
      }
    },
    "packages/ui/node_modules/eslint": {
      "dev": true
    },
    "packages/ui/node_modules/react": {},
    "packages/ui/node_modules/react-dom": {},
    "packages/ui/node_modules/typescript": {
      "dev": true
    },
    "packages/ui/node_modules/undici-types": {
      "version": "6.21.0",
      "resolved": "https://registry.npmjs.org/undici-types/-/undici-types-6.21.0.tgz",
      "integrity": "sha512-iwDZqg0QAGrg9Rav5H4n0M64c3mkR59cJ6wQp+7C4nI0gsmExaedaYLNO44eT4AtBBwjbTiGPMlt2Md0T9H9JQ==",
      "dev": true,
      "license": "MIT"
    }
  }
}
